// !$*UTF8*$!
{
	archiveVersion = 1;
	classes = {
	};
	objectVersion = 50;
	objects = {

/* Begin PBXBuildFile section */
		2285D13B21E52EB300F17A90 /* AppDelegate.swift in Sources */ = {isa = PBXBuildFile; fileRef = 2285D13A21E52EB300F17A90 /* AppDelegate.swift */; };
		2285D13D21E52EB300F17A90 /* ViewController.swift in Sources */ = {isa = PBXBuildFile; fileRef = 2285D13C21E52EB300F17A90 /* ViewController.swift */; };
		2285D14021E52EB300F17A90 /* Main.storyboard in Resources */ = {isa = PBXBuildFile; fileRef = 2285D13E21E52EB300F17A90 /* Main.storyboard */; };
		2285D14221E52EB400F17A90 /* Assets.xcassets in Resources */ = {isa = PBXBuildFile; fileRef = 2285D14121E52EB400F17A90 /* Assets.xcassets */; };
		2285D14521E52EB400F17A90 /* LaunchScreen.storyboard in Resources */ = {isa = PBXBuildFile; fileRef = 2285D14321E52EB400F17A90 /* LaunchScreen.storyboard */; };
		C7EE615CF69FAD560AF0052F /* Pods_Joke_For_A_Smoke_.framework in Frameworks */ = {isa = PBXBuildFile; fileRef = 529DB60FF2BC3BF2B12E258B /* Pods_Joke_For_A_Smoke_.framework */; };
/* End PBXBuildFile section */

/* Begin PBXFileReference section */
		2285D13721E52EB300F17A90 /* Joke For A Smoke?.app */ = {isa = PBXFileReference; explicitFileType = wrapper.application; includeInIndex = 0; path = "Joke For A Smoke?.app"; sourceTree = BUILT_PRODUCTS_DIR; };
		2285D13A21E52EB300F17A90 /* AppDelegate.swift */ = {isa = PBXFileReference; lastKnownFileType = sourcecode.swift; path = AppDelegate.swift; sourceTree = "<group>"; };
		2285D13C21E52EB300F17A90 /* ViewController.swift */ = {isa = PBXFileReference; lastKnownFileType = sourcecode.swift; path = ViewController.swift; sourceTree = "<group>"; };
		2285D13F21E52EB300F17A90 /* Base */ = {isa = PBXFileReference; lastKnownFileType = file.storyboard; name = Base; path = Base.lproj/Main.storyboard; sourceTree = "<group>"; };
		2285D14121E52EB400F17A90 /* Assets.xcassets */ = {isa = PBXFileReference; lastKnownFileType = folder.assetcatalog; path = Assets.xcassets; sourceTree = "<group>"; };
		2285D14421E52EB400F17A90 /* Base */ = {isa = PBXFileReference; lastKnownFileType = file.storyboard; name = Base; path = Base.lproj/LaunchScreen.storyboard; sourceTree = "<group>"; };
		2285D14621E52EB400F17A90 /* Info.plist */ = {isa = PBXFileReference; lastKnownFileType = text.plist.xml; path = Info.plist; sourceTree = "<group>"; };
		529DB60FF2BC3BF2B12E258B /* Pods_Joke_For_A_Smoke_.framework */ = {isa = PBXFileReference; explicitFileType = wrapper.framework; includeInIndex = 0; path = Pods_Joke_For_A_Smoke_.framework; sourceTree = BUILT_PRODUCTS_DIR; };
		7CC84B631C8AAAC578C8280C /* Pods-Joke For A Smoke?.release.xcconfig */ = {isa = PBXFileReference; includeInIndex = 1; lastKnownFileType = text.xcconfig; name = "Pods-Joke For A Smoke?.release.xcconfig"; path = "Pods/Target Support Files/Pods-Joke For A Smoke?/Pods-Joke For A Smoke?.release.xcconfig"; sourceTree = "<group>"; };
		C860ED63261BFBF86B33C8AB /* Pods-Joke For A Smoke?.debug.xcconfig */ = {isa = PBXFileReference; includeInIndex = 1; lastKnownFileType = text.xcconfig; name = "Pods-Joke For A Smoke?.debug.xcconfig"; path = "Pods/Target Support Files/Pods-Joke For A Smoke?/Pods-Joke For A Smoke?.debug.xcconfig"; sourceTree = "<group>"; };
/* End PBXFileReference section */

/* Begin PBXFrameworksBuildPhase section */
		2285D13421E52EB300F17A90 /* Frameworks */ = {
			isa = PBXFrameworksBuildPhase;
			buildActionMask = 2147483647;
			files = (
				C7EE615CF69FAD560AF0052F /* Pods_Joke_For_A_Smoke_.framework in Frameworks */,
			);
			runOnlyForDeploymentPostprocessing = 0;
		};
/* End PBXFrameworksBuildPhase section */

/* Begin PBXGroup section */
		2285D12E21E52EB300F17A90 = {
			isa = PBXGroup;
			children = (
				2285D13921E52EB300F17A90 /* Joke For A Smoke? */,
				2285D13821E52EB300F17A90 /* Products */,
				8D5437401B1907D1B6F9E837 /* Pods */,
				EECCE628D82ADE9AE31CBF2F /* Frameworks */,
			);
			sourceTree = "<group>";
		};
		2285D13821E52EB300F17A90 /* Products */ = {
			isa = PBXGroup;
			children = (
				2285D13721E52EB300F17A90 /* Joke For A Smoke?.app */,
			);
			name = Products;
			sourceTree = "<group>";
		};
		2285D13921E52EB300F17A90 /* Joke For A Smoke? */ = {
			isa = PBXGroup;
			children = (
				2285D13A21E52EB300F17A90 /* AppDelegate.swift */,
				2285D13C21E52EB300F17A90 /* ViewController.swift */,
				2285D13E21E52EB300F17A90 /* Main.storyboard */,
				2285D14121E52EB400F17A90 /* Assets.xcassets */,
				2285D14321E52EB400F17A90 /* LaunchScreen.storyboard */,
				2285D14621E52EB400F17A90 /* Info.plist */,
			);
			path = "Joke For A Smoke?";
			sourceTree = "<group>";
		};
		8D5437401B1907D1B6F9E837 /* Pods */ = {
			isa = PBXGroup;
			children = (
				C860ED63261BFBF86B33C8AB /* Pods-Joke For A Smoke?.debug.xcconfig */,
				7CC84B631C8AAAC578C8280C /* Pods-Joke For A Smoke?.release.xcconfig */,
			);
			name = Pods;
			sourceTree = "<group>";
		};
		EECCE628D82ADE9AE31CBF2F /* Frameworks */ = {
			isa = PBXGroup;
			children = (
				529DB60FF2BC3BF2B12E258B /* Pods_Joke_For_A_Smoke_.framework */,
			);
			name = Frameworks;
			sourceTree = "<group>";
		};
/* End PBXGroup section */

/* Begin PBXNativeTarget section */
		2285D13621E52EB300F17A90 /* Joke For A Smoke? */ = {
			isa = PBXNativeTarget;
			buildConfigurationList = 2285D14921E52EB400F17A90 /* Build configuration list for PBXNativeTarget "Joke For A Smoke?" */;
			buildPhases = (
				A2095BEC2005184DFAF0EBA8 /* [CP] Check Pods Manifest.lock */,
				2285D13321E52EB300F17A90 /* Sources */,
				2285D13421E52EB300F17A90 /* Frameworks */,
				2285D13521E52EB300F17A90 /* Resources */,
				0C1ED9A5C4A22723FEAD1904 /* [CP] Embed Pods Frameworks */,
			);
			buildRules = (
			);
			dependencies = (
			);
			name = "Joke For A Smoke?";
			productName = "Joke For A Smoke?";
			productReference = 2285D13721E52EB300F17A90 /* Joke For A Smoke?.app */;
			productType = "com.apple.product-type.application";
		};
/* End PBXNativeTarget section */

/* Begin PBXProject section */
		2285D12F21E52EB300F17A90 /* Project object */ = {
			isa = PBXProject;
			attributes = {
				LastSwiftUpdateCheck = 1010;
				LastUpgradeCheck = 1010;
				ORGANIZATIONNAME = "Matt Huston";
				TargetAttributes = {
					2285D13621E52EB300F17A90 = {
						CreatedOnToolsVersion = 10.1;
					};
				};
			};
			buildConfigurationList = 2285D13221E52EB300F17A90 /* Build configuration list for PBXProject "Joke For A Smoke?" */;
			compatibilityVersion = "Xcode 9.3";
			developmentRegion = en;
			hasScannedForEncodings = 0;
			knownRegions = (
				en,
				Base,
			);
			mainGroup = 2285D12E21E52EB300F17A90;
			productRefGroup = 2285D13821E52EB300F17A90 /* Products */;
			projectDirPath = "";
			projectRoot = "";
			targets = (
				2285D13621E52EB300F17A90 /* Joke For A Smoke? */,
			);
		};
/* End PBXProject section */

/* Begin PBXResourcesBuildPhase section */
		2285D13521E52EB300F17A90 /* Resources */ = {
			isa = PBXResourcesBuildPhase;
			buildActionMask = 2147483647;
			files = (
				2285D14521E52EB400F17A90 /* LaunchScreen.storyboard in Resources */,
				2285D14221E52EB400F17A90 /* Assets.xcassets in Resources */,
				2285D14021E52EB300F17A90 /* Main.storyboard in Resources */,
			);
			runOnlyForDeploymentPostprocessing = 0;
		};
/* End PBXResourcesBuildPhase section */

/* Begin PBXShellScriptBuildPhase section */
		0C1ED9A5C4A22723FEAD1904 /* [CP] Embed Pods Frameworks */ = {
			isa = PBXShellScriptBuildPhase;
			buildActionMask = 2147483647;
			files = (
			);
			inputFileListPaths = (
			);
			inputPaths = (
				"${SRCROOT}/Pods/Target Support Files/Pods-Joke For A Smoke?/Pods-Joke For A Smoke?-frameworks.sh",
				"${BUILT_PRODUCTS_DIR}/Alamofire/Alamofire.framework",
				"${BUILT_PRODUCTS_DIR}/SwiftyJSON/SwiftyJSON.framework",
			);
			name = "[CP] Embed Pods Frameworks";
			outputFileListPaths = (
			);
			outputPaths = (
				"${TARGET_BUILD_DIR}/${FRAMEWORKS_FOLDER_PATH}/Alamofire.framework",
				"${TARGET_BUILD_DIR}/${FRAMEWORKS_FOLDER_PATH}/SwiftyJSON.framework",
			);
			runOnlyForDeploymentPostprocessing = 0;
			shellPath = /bin/sh;
			shellScript = "\"${SRCROOT}/Pods/Target Support Files/Pods-Joke For A Smoke?/Pods-Joke For A Smoke?-frameworks.sh\"\n";
			showEnvVarsInLog = 0;
		};
		A2095BEC2005184DFAF0EBA8 /* [CP] Check Pods Manifest.lock */ = {
			isa = PBXShellScriptBuildPhase;
			buildActionMask = 2147483647;
			files = (
			);
			inputFileListPaths = (
			);
			inputPaths = (
				"${PODS_PODFILE_DIR_PATH}/Podfile.lock",
				"${PODS_ROOT}/Manifest.lock",
			);
			name = "[CP] Check Pods Manifest.lock";
			outputFileListPaths = (
			);
			outputPaths = (
				"$(DERIVED_FILE_DIR)/Pods-Joke For A Smoke?-checkManifestLockResult.txt",
			);
			runOnlyForDeploymentPostprocessing = 0;
			shellPath = /bin/sh;
			shellScript = "diff \"${PODS_PODFILE_DIR_PATH}/Podfile.lock\" \"${PODS_ROOT}/Manifest.lock\" > /dev/null\nif [ $? != 0 ] ; then\n    # print error to STDERR\n    echo \"error: The sandbox is not in sync with the Podfile.lock. Run 'pod install' or update your CocoaPods installation.\" >&2\n    exit 1\nfi\n# This output is used by Xcode 'outputs' to avoid re-running this script phase.\necho \"SUCCESS\" > \"${SCRIPT_OUTPUT_FILE_0}\"\n";
			showEnvVarsInLog = 0;
		};
/* End PBXShellScriptBuildPhase section */

/* Begin PBXSourcesBuildPhase section */
		2285D13321E52EB300F17A90 /* Sources */ = {
			isa = PBXSourcesBuildPhase;
			buildActionMask = 2147483647;
			files = (
				2285D13D21E52EB300F17A90 /* ViewController.swift in Sources */,
				2285D13B21E52EB300F17A90 /* AppDelegate.swift in Sources */,
			);
			runOnlyForDeploymentPostprocessing = 0;
		};
/* End PBXSourcesBuildPhase section */

/* Begin PBXVariantGroup section */
		2285D13E21E52EB300F17A90 /* Main.storyboard */ = {
			isa = PBXVariantGroup;
			children = (
				2285D13F21E52EB300F17A90 /* Base */,
			);
			name = Main.storyboard;
			sourceTree = "<group>";
		};
		2285D14321E52EB400F17A90 /* LaunchScreen.storyboard */ = {
			isa = PBXVariantGroup;
			children = (
				2285D14421E52EB400F17A90 /* Base */,
			);
			name = LaunchScreen.storyboard;
			sourceTree = "<group>";
		};
/* End PBXVariantGroup section */

/* Begin XCBuildConfiguration section */
		2285D14721E52EB400F17A90 /* Debug */ = {
			isa = XCBuildConfiguration;
			buildSettings = {
				ALWAYS_SEARCH_USER_PATHS = NO;
				CLANG_ANALYZER_NONNULL = YES;
				CLANG_ANALYZER_NUMBER_OBJECT_CONVERSION = YES_AGGRESSIVE;
				CLANG_CXX_LANGUAGE_STANDARD = "gnu++14";
				CLANG_CXX_LIBRARY = "libc++";
				CLANG_ENABLE_MODULES = YES;
				CLANG_ENABLE_OBJC_ARC = YES;
				CLANG_ENABLE_OBJC_WEAK = YES;
				CLANG_WARN_BLOCK_CAPTURE_AUTORELEASING = YES;
				CLANG_WARN_BOOL_CONVERSION = YES;
				CLANG_WARN_COMMA = YES;
				CLANG_WARN_CONSTANT_CONVERSION = YES;
				CLANG_WARN_DEPRECATED_OBJC_IMPLEMENTATIONS = YES;
				CLANG_WARN_DIRECT_OBJC_ISA_USAGE = YES_ERROR;
				CLANG_WARN_DOCUMENTATION_COMMENTS = YES;
				CLANG_WARN_EMPTY_BODY = YES;
				CLANG_WARN_ENUM_CONVERSION = YES;
				CLANG_WARN_INFINITE_RECURSION = YES;
				CLANG_WARN_INT_CONVERSION = YES;
				CLANG_WARN_NON_LITERAL_NULL_CONVERSION = YES;
				CLANG_WARN_OBJC_IMPLICIT_RETAIN_SELF = YES;
				CLANG_WARN_OBJC_LITERAL_CONVERSION = YES;
				CLANG_WARN_OBJC_ROOT_CLASS = YES_ERROR;
				CLANG_WARN_RANGE_LOOP_ANALYSIS = YES;
				CLANG_WARN_STRICT_PROTOTYPES = YES;
				CLANG_WARN_SUSPICIOUS_MOVE = YES;
				CLANG_WARN_UNGUARDED_AVAILABILITY = YES_AGGRESSIVE;
				CLANG_WARN_UNREACHABLE_CODE = YES;
				CLANG_WARN__DUPLICATE_METHOD_MATCH = YES;
				CODE_SIGN_IDENTITY = "iPhone Developer";
				COPY_PHASE_STRIP = NO;
				DEBUG_INFORMATION_FORMAT = dwarf;
				ENABLE_STRICT_OBJC_MSGSEND = YES;
				ENABLE_TESTABILITY = YES;
				GCC_C_LANGUAGE_STANDARD = gnu11;
				GCC_DYNAMIC_NO_PIC = NO;
				GCC_NO_COMMON_BLOCKS = YES;
				GCC_OPTIMIZATION_LEVEL = 0;
				GCC_PREPROCESSOR_DEFINITIONS = (
					"DEBUG=1",
					"$(inherited)",
				);
				GCC_WARN_64_TO_32_BIT_CONVERSION = YES;
				GCC_WARN_ABOUT_RETURN_TYPE = YES_ERROR;
				GCC_WARN_UNDECLARED_SELECTOR = YES;
				GCC_WARN_UNINITIALIZED_AUTOS = YES_AGGRESSIVE;
				GCC_WARN_UNUSED_FUNCTION = YES;
				GCC_WARN_UNUSED_VARIABLE = YES;
				IPHONEOS_DEPLOYMENT_TARGET = 12.1;
				MTL_ENABLE_DEBUG_INFO = INCLUDE_SOURCE;
				MTL_FAST_MATH = YES;
				ONLY_ACTIVE_ARCH = YES;
				SDKROOT = iphoneos;
				SWIFT_ACTIVE_COMPILATION_CONDITIONS = DEBUG;
				SWIFT_OPTIMIZATION_LEVEL = "-Onone";
			};
			name = Debug;
		};
		2285D14821E52EB400F17A90 /* Release */ = {
			isa = XCBuildConfiguration;
			buildSettings = {
				ALWAYS_SEARCH_USER_PATHS = NO;
				CLANG_ANALYZER_NONNULL = YES;
				CLANG_ANALYZER_NUMBER_OBJECT_CONVERSION = YES_AGGRESSIVE;
				CLANG_CXX_LANGUAGE_STANDARD = "gnu++14";
				CLANG_CXX_LIBRARY = "libc++";
				CLANG_ENABLE_MODULES = YES;
				CLANG_ENABLE_OBJC_ARC = YES;
				CLANG_ENABLE_OBJC_WEAK = YES;
				CLANG_WARN_BLOCK_CAPTURE_AUTORELEASING = YES;
				CLANG_WARN_BOOL_CONVERSION = YES;
				CLANG_WARN_COMMA = YES;
				CLANG_WARN_CONSTANT_CONVERSION = YES;
				CLANG_WARN_DEPRECATED_OBJC_IMPLEMENTATIONS = YES;
				CLANG_WARN_DIRECT_OBJC_ISA_USAGE = YES_ERROR;
				CLANG_WARN_DOCUMENTATION_COMMENTS = YES;
				CLANG_WARN_EMPTY_BODY = YES;
				CLANG_WARN_ENUM_CONVERSION = YES;
				CLANG_WARN_INFINITE_RECURSION = YES;
				CLANG_WARN_INT_CONVERSION = YES;
				CLANG_WARN_NON_LITERAL_NULL_CONVERSION = YES;
				CLANG_WARN_OBJC_IMPLICIT_RETAIN_SELF = YES;
				CLANG_WARN_OBJC_LITERAL_CONVERSION = YES;
				CLANG_WARN_OBJC_ROOT_CLASS = YES_ERROR;
				CLANG_WARN_RANGE_LOOP_ANALYSIS = YES;
				CLANG_WARN_STRICT_PROTOTYPES = YES;
				CLANG_WARN_SUSPICIOUS_MOVE = YES;
				CLANG_WARN_UNGUARDED_AVAILABILITY = YES_AGGRESSIVE;
				CLANG_WARN_UNREACHABLE_CODE = YES;
				CLANG_WARN__DUPLICATE_METHOD_MATCH = YES;
				CODE_SIGN_IDENTITY = "iPhone Developer";
				COPY_PHASE_STRIP = NO;
				DEBUG_INFORMATION_FORMAT = "dwarf-with-dsym";
				ENABLE_NS_ASSERTIONS = NO;
				ENABLE_STRICT_OBJC_MSGSEND = YES;
				GCC_C_LANGUAGE_STANDARD = gnu11;
				GCC_NO_COMMON_BLOCKS = YES;
				GCC_WARN_64_TO_32_BIT_CONVERSION = YES;
				GCC_WARN_ABOUT_RETURN_TYPE = YES_ERROR;
				GCC_WARN_UNDECLARED_SELECTOR = YES;
				GCC_WARN_UNINITIALIZED_AUTOS = YES_AGGRESSIVE;
				GCC_WARN_UNUSED_FUNCTION = YES;
				GCC_WARN_UNUSED_VARIABLE = YES;
				IPHONEOS_DEPLOYMENT_TARGET = 12.1;
				MTL_ENABLE_DEBUG_INFO = NO;
				MTL_FAST_MATH = YES;
				SDKROOT = iphoneos;
				SWIFT_COMPILATION_MODE = wholemodule;
				SWIFT_OPTIMIZATION_LEVEL = "-O";
				VALIDATE_PRODUCT = YES;
			};
			name = Release;
		};
		2285D14A21E52EB400F17A90 /* Debug */ = {
			isa = XCBuildConfiguration;
			baseConfigurationReference = C860ED63261BFBF86B33C8AB /* Pods-Joke For A Smoke?.debug.xcconfig */;
			buildSettings = {
				ASSETCATALOG_COMPILER_APPICON_NAME = AppIcon;
				CODE_SIGN_STYLE = Automatic;
				DEVELOPMENT_TEAM = WNX27CFG5N;
				INFOPLIST_FILE = "Joke For A Smoke?/Info.plist";
				LD_RUNPATH_SEARCH_PATHS = (
					"$(inherited)",
					"@executable_path/Frameworks",
				);
				PRODUCT_BUNDLE_IDENTIFIER = "MattHuston.Joke-For-A-Smoke-";
				PRODUCT_NAME = "$(TARGET_NAME)";
				SWIFT_VERSION = 4.2;
				TARGETED_DEVICE_FAMILY = "1,2";
			};
			name = Debug;
		};
		2285D14B21E52EB400F17A90 /* Release */ = {
			isa = XCBuildConfiguration;
			baseConfigurationReference = 7CC84B631C8AAAC578C8280C /* Pods-Joke For A Smoke?.release.xcconfig */;
			buildSettings = {
				ASSETCATALOG_COMPILER_APPICON_NAME = AppIcon;
				CODE_SIGN_STYLE = Automatic;
				DEVELOPMENT_TEAM = WNX27CFG5N;
				INFOPLIST_FILE = "Joke For A Smoke?/Info.plist";
				LD_RUNPATH_SEARCH_PATHS = (
					"$(inherited)",
					"@executable_path/Frameworks",
				);
				PRODUCT_BUNDLE_IDENTIFIER = "MattHuston.Joke-For-A-Smoke-";
				PRODUCT_NAME = "$(TARGET_NAME)";
				SWIFT_VERSION = 4.2;
				TARGETED_DEVICE_FAMILY = "1,2";
			};
			name = Release;
		};
/* End XCBuildConfiguration section */

/* Begin XCConfigurationList section */
		2285D13221E52EB300F17A90 /* Build configuration list for PBXProject "Joke For A Smoke?" */ = {
			isa = XCConfigurationList;
			buildConfigurations = (
				2285D14721E52EB400F17A90 /* Debug */,
				2285D14821E52EB400F17A90 /* Release */,
			);
			defaultConfigurationIsVisible = 0;
			defaultConfigurationName = Release;
		};
		2285D14921E52EB400F17A90 /* Build configuration list for PBXNativeTarget "Joke For A Smoke?" */ = {
			isa = XCConfigurationList;
			buildConfigurations = (
				2285D14A21E52EB400F17A90 /* Debug */,
				2285D14B21E52EB400F17A90 /* Release */,
			);
			defaultConfigurationIsVisible = 0;
			defaultConfigurationName = Release;
		};
/* End XCConfigurationList section */
	};
	rootObject = 2285D12F21E52EB300F17A90 /* Project object */;
}
